// !$*UTF8*$!
{
	archiveVersion = 1;
	classes = {
	};
	objectVersion = 46;
	objects = {

/* Begin PBXBuildFile section */
		26AA52DE1E8A0B4A003F8724 /* AppDelegate.swift in Sources */ = {isa = PBXBuildFile; fileRef = 26AA52DD1E8A0B4A003F8724 /* AppDelegate.swift */; };
		26AA52E31E8A0B4A003F8724 /* Main.storyboard in Resources */ = {isa = PBXBuildFile; fileRef = 26AA52E11E8A0B4A003F8724 /* Main.storyboard */; };
		26AA52E51E8A0B4A003F8724 /* Assets.xcassets in Resources */ = {isa = PBXBuildFile; fileRef = 26AA52E41E8A0B4A003F8724 /* Assets.xcassets */; };
		26AA52E81E8A0B4A003F8724 /* LaunchScreen.storyboard in Resources */ = {isa = PBXBuildFile; fileRef = 26AA52E61E8A0B4A003F8724 /* LaunchScreen.storyboard */; };
		26AA52F31E8A0B4A003F8724 /* SketchTestTests.swift in Sources */ = {isa = PBXBuildFile; fileRef = 26AA52F21E8A0B4A003F8724 /* SketchTestTests.swift */; };
		26AA52FE1E8A0B4A003F8724 /* SketchTestUITests.swift in Sources */ = {isa = PBXBuildFile; fileRef = 26AA52FD1E8A0B4A003F8724 /* SketchTestUITests.swift */; };
		26AA53451E8A121D003F8724 /* ATColorPicker+Delegate.swift in Sources */ = {isa = PBXBuildFile; fileRef = 26AA532E1E8A121D003F8724 /* ATColorPicker+Delegate.swift */; };
		26AA53461E8A121D003F8724 /* ATColorPicker.swift in Sources */ = {isa = PBXBuildFile; fileRef = 26AA532F1E8A121D003F8724 /* ATColorPicker.swift */; };
		26AA53471E8A121D003F8724 /* ATColorSwatch.swift in Sources */ = {isa = PBXBuildFile; fileRef = 26AA53301E8A121D003F8724 /* ATColorSwatch.swift */; };
		26AA53481E8A121D003F8724 /* ATRecognizedPathResult.swift in Sources */ = {isa = PBXBuildFile; fileRef = 26AA53311E8A121D003F8724 /* ATRecognizedPathResult.swift */; };
		26AA53491E8A121D003F8724 /* ATShapeLayer.swift in Sources */ = {isa = PBXBuildFile; fileRef = 26AA53321E8A121D003F8724 /* ATShapeLayer.swift */; };
		26AA534A1E8A121D003F8724 /* ATSketchTopLayer.swift in Sources */ = {isa = PBXBuildFile; fileRef = 26AA53341E8A121D003F8724 /* ATSketchTopLayer.swift */; };
		26AA534B1E8A121D003F8724 /* ATSketchView+Events.swift in Sources */ = {isa = PBXBuildFile; fileRef = 26AA53351E8A121D003F8724 /* ATSketchView+Events.swift */; };
		26AA534C1E8A121D003F8724 /* ATSketchView+LayerManagement.swift in Sources */ = {isa = PBXBuildFile; fileRef = 26AA53361E8A121D003F8724 /* ATSketchView+LayerManagement.swift */; };
		26AA534D1E8A121D003F8724 /* ATSketchView+UndoRedo.swift in Sources */ = {isa = PBXBuildFile; fileRef = 26AA53371E8A121D003F8724 /* ATSketchView+UndoRedo.swift */; };
		26AA534E1E8A121D003F8724 /* ATSketchView.swift in Sources */ = {isa = PBXBuildFile; fileRef = 26AA53381E8A121D003F8724 /* ATSketchView.swift */; };
		26AA534F1E8A121D003F8724 /* ATSketchViewDelegate.swift in Sources */ = {isa = PBXBuildFile; fileRef = 26AA53391E8A121D003F8724 /* ATSketchViewDelegate.swift */; };
		26AA53501E8A121D003F8724 /* ATSmartBezierPath+RecognizerTemplates.swift in Sources */ = {isa = PBXBuildFile; fileRef = 26AA533A1E8A121D003F8724 /* ATSmartBezierPath+RecognizerTemplates.swift */; };
		26AA53511E8A121D003F8724 /* ATSmartBezierPath+Smoothing.swift in Sources */ = {isa = PBXBuildFile; fileRef = 26AA533B1E8A121D003F8724 /* ATSmartBezierPath+Smoothing.swift */; };
		26AA53521E8A121D003F8724 /* ATSmartBezierPath+UnistrokeRecognizer.swift in Sources */ = {isa = PBXBuildFile; fileRef = 26AA533C1E8A121D003F8724 /* ATSmartBezierPath+UnistrokeRecognizer.swift */; };
		26AA53531E8A121D003F8724 /* ATSmartBezierPath.swift in Sources */ = {isa = PBXBuildFile; fileRef = 26AA533D1E8A121D003F8724 /* ATSmartBezierPath.swift */; };
		26AA53541E8A121D003F8724 /* ATUnistrokeTemplate.swift in Sources */ = {isa = PBXBuildFile; fileRef = 26AA533E1E8A121D003F8724 /* ATUnistrokeTemplate.swift */; };
		26AA53551E8A121D003F8724 /* Info.plist in Resources */ = {isa = PBXBuildFile; fileRef = 26AA533F1E8A121D003F8724 /* Info.plist */; };
		26AA53561E8A121D003F8724 /* circle.json in Resources */ = {isa = PBXBuildFile; fileRef = 26AA53411E8A121D003F8724 /* circle.json */; };
		26AA53571E8A121D003F8724 /* format.json in Resources */ = {isa = PBXBuildFile; fileRef = 26AA53421E8A121D003F8724 /* format.json */; };
		26AA53581E8A121D003F8724 /* rectangle1.json in Resources */ = {isa = PBXBuildFile; fileRef = 26AA53431E8A121D003F8724 /* rectangle1.json */; };
		26AA53591E8A121D003F8724 /* rectangle2.json in Resources */ = {isa = PBXBuildFile; fileRef = 26AA53441E8A121D003F8724 /* rectangle2.json */; };
		26AA535B1E8A1411003F8724 /* ATBrushButton.swift in Sources */ = {isa = PBXBuildFile; fileRef = 26AA535A1E8A1411003F8724 /* ATBrushButton.swift */; };
		26AA535D1E8A1418003F8724 /* ATControlPanelView.swift in Sources */ = {isa = PBXBuildFile; fileRef = 26AA535C1E8A1418003F8724 /* ATControlPanelView.swift */; };
		26AA535F1E8A172D003F8724 /* SketchPaper.swift in Sources */ = {isa = PBXBuildFile; fileRef = 26AA535E1E8A172D003F8724 /* SketchPaper.swift */; };
/* End PBXBuildFile section */

/* Begin PBXContainerItemProxy section */
		26AA52EF1E8A0B4A003F8724 /* PBXContainerItemProxy */ = {
			isa = PBXContainerItemProxy;
			containerPortal = 26AA52D21E8A0B4A003F8724 /* Project object */;
			proxyType = 1;
			remoteGlobalIDString = 26AA52D91E8A0B4A003F8724;
			remoteInfo = SketchTest;
		};
		26AA52FA1E8A0B4A003F8724 /* PBXContainerItemProxy */ = {
			isa = PBXContainerItemProxy;
			containerPortal = 26AA52D21E8A0B4A003F8724 /* Project object */;
			proxyType = 1;
			remoteGlobalIDString = 26AA52D91E8A0B4A003F8724;
			remoteInfo = SketchTest;
		};
/* End PBXContainerItemProxy section */

/* Begin PBXFileReference section */
		26AA52DA1E8A0B4A003F8724 /* SketchTest.app */ = {isa = PBXFileReference; explicitFileType = wrapper.application; includeInIndex = 0; path = SketchTest.app; sourceTree = BUILT_PRODUCTS_DIR; };
		26AA52DD1E8A0B4A003F8724 /* AppDelegate.swift */ = {isa = PBXFileReference; lastKnownFileType = sourcecode.swift; path = AppDelegate.swift; sourceTree = "<group>"; };
		26AA52E21E8A0B4A003F8724 /* Base */ = {isa = PBXFileReference; lastKnownFileType = file.storyboard; name = Base; path = Base.lproj/Main.storyboard; sourceTree = "<group>"; };
		26AA52E41E8A0B4A003F8724 /* Assets.xcassets */ = {isa = PBXFileReference; lastKnownFileType = folder.assetcatalog; path = Assets.xcassets; sourceTree = "<group>"; };
		26AA52E71E8A0B4A003F8724 /* Base */ = {isa = PBXFileReference; lastKnownFileType = file.storyboard; name = Base; path = Base.lproj/LaunchScreen.storyboard; sourceTree = "<group>"; };
		26AA52E91E8A0B4A003F8724 /* Info.plist */ = {isa = PBXFileReference; lastKnownFileType = text.plist.xml; path = Info.plist; sourceTree = "<group>"; };
		26AA52EE1E8A0B4A003F8724 /* SketchTestTests.xctest */ = {isa = PBXFileReference; explicitFileType = wrapper.cfbundle; includeInIndex = 0; path = SketchTestTests.xctest; sourceTree = BUILT_PRODUCTS_DIR; };
		26AA52F21E8A0B4A003F8724 /* SketchTestTests.swift */ = {isa = PBXFileReference; lastKnownFileType = sourcecode.swift; path = SketchTestTests.swift; sourceTree = "<group>"; };
		26AA52F41E8A0B4A003F8724 /* Info.plist */ = {isa = PBXFileReference; lastKnownFileType = text.plist.xml; path = Info.plist; sourceTree = "<group>"; };
		26AA52F91E8A0B4A003F8724 /* SketchTestUITests.xctest */ = {isa = PBXFileReference; explicitFileType = wrapper.cfbundle; includeInIndex = 0; path = SketchTestUITests.xctest; sourceTree = BUILT_PRODUCTS_DIR; };
		26AA52FD1E8A0B4A003F8724 /* SketchTestUITests.swift */ = {isa = PBXFileReference; lastKnownFileType = sourcecode.swift; path = SketchTestUITests.swift; sourceTree = "<group>"; };
		26AA52FF1E8A0B4A003F8724 /* Info.plist */ = {isa = PBXFileReference; lastKnownFileType = text.plist.xml; path = Info.plist; sourceTree = "<group>"; };
		26AA532E1E8A121D003F8724 /* ATColorPicker+Delegate.swift */ = {isa = PBXFileReference; fileEncoding = 4; lastKnownFileType = sourcecode.swift; path = "ATColorPicker+Delegate.swift"; sourceTree = "<group>"; };
		26AA532F1E8A121D003F8724 /* ATColorPicker.swift */ = {isa = PBXFileReference; fileEncoding = 4; lastKnownFileType = sourcecode.swift; path = ATColorPicker.swift; sourceTree = "<group>"; };
		26AA53301E8A121D003F8724 /* ATColorSwatch.swift */ = {isa = PBXFileReference; fileEncoding = 4; lastKnownFileType = sourcecode.swift; path = ATColorSwatch.swift; sourceTree = "<group>"; };
		26AA53311E8A121D003F8724 /* ATRecognizedPathResult.swift */ = {isa = PBXFileReference; fileEncoding = 4; lastKnownFileType = sourcecode.swift; path = ATRecognizedPathResult.swift; sourceTree = "<group>"; };
		26AA53321E8A121D003F8724 /* ATShapeLayer.swift */ = {isa = PBXFileReference; fileEncoding = 4; lastKnownFileType = sourcecode.swift; path = ATShapeLayer.swift; sourceTree = "<group>"; };
		26AA53331E8A121D003F8724 /* ATSketchKit.h */ = {isa = PBXFileReference; fileEncoding = 4; lastKnownFileType = sourcecode.c.h; path = ATSketchKit.h; sourceTree = "<group>"; };
		26AA53341E8A121D003F8724 /* ATSketchTopLayer.swift */ = {isa = PBXFileReference; fileEncoding = 4; lastKnownFileType = sourcecode.swift; path = ATSketchTopLayer.swift; sourceTree = "<group>"; };
		26AA53351E8A121D003F8724 /* ATSketchView+Events.swift */ = {isa = PBXFileReference; fileEncoding = 4; lastKnownFileType = sourcecode.swift; path = "ATSketchView+Events.swift"; sourceTree = "<group>"; };
		26AA53361E8A121D003F8724 /* ATSketchView+LayerManagement.swift */ = {isa = PBXFileReference; fileEncoding = 4; lastKnownFileType = sourcecode.swift; path = "ATSketchView+LayerManagement.swift"; sourceTree = "<group>"; };
		26AA53371E8A121D003F8724 /* ATSketchView+UndoRedo.swift */ = {isa = PBXFileReference; fileEncoding = 4; lastKnownFileType = sourcecode.swift; path = "ATSketchView+UndoRedo.swift"; sourceTree = "<group>"; };
		26AA53381E8A121D003F8724 /* ATSketchView.swift */ = {isa = PBXFileReference; fileEncoding = 4; lastKnownFileType = sourcecode.swift; path = ATSketchView.swift; sourceTree = "<group>"; };
		26AA53391E8A121D003F8724 /* ATSketchViewDelegate.swift */ = {isa = PBXFileReference; fileEncoding = 4; lastKnownFileType = sourcecode.swift; path = ATSketchViewDelegate.swift; sourceTree = "<group>"; };
		26AA533A1E8A121D003F8724 /* ATSmartBezierPath+RecognizerTemplates.swift */ = {isa = PBXFileReference; fileEncoding = 4; lastKnownFileType = sourcecode.swift; path = "ATSmartBezierPath+RecognizerTemplates.swift"; sourceTree = "<group>"; };
		26AA533B1E8A121D003F8724 /* ATSmartBezierPath+Smoothing.swift */ = {isa = PBXFileReference; fileEncoding = 4; lastKnownFileType = sourcecode.swift; path = "ATSmartBezierPath+Smoothing.swift"; sourceTree = "<group>"; };
		26AA533C1E8A121D003F8724 /* ATSmartBezierPath+UnistrokeRecognizer.swift */ = {isa = PBXFileReference; fileEncoding = 4; lastKnownFileType = sourcecode.swift; path = "ATSmartBezierPath+UnistrokeRecognizer.swift"; sourceTree = "<group>"; };
		26AA533D1E8A121D003F8724 /* ATSmartBezierPath.swift */ = {isa = PBXFileReference; fileEncoding = 4; lastKnownFileType = sourcecode.swift; path = ATSmartBezierPath.swift; sourceTree = "<group>"; };
		26AA533E1E8A121D003F8724 /* ATUnistrokeTemplate.swift */ = {isa = PBXFileReference; fileEncoding = 4; lastKnownFileType = sourcecode.swift; path = ATUnistrokeTemplate.swift; sourceTree = "<group>"; };
		26AA533F1E8A121D003F8724 /* Info.plist */ = {isa = PBXFileReference; fileEncoding = 4; lastKnownFileType = text.plist.xml; path = Info.plist; sourceTree = "<group>"; };
		26AA53411E8A121D003F8724 /* circle.json */ = {isa = PBXFileReference; fileEncoding = 4; lastKnownFileType = text.json; path = circle.json; sourceTree = "<group>"; };
		26AA53421E8A121D003F8724 /* format.json */ = {isa = PBXFileReference; fileEncoding = 4; lastKnownFileType = text.json; path = format.json; sourceTree = "<group>"; };
		26AA53431E8A121D003F8724 /* rectangle1.json */ = {isa = PBXFileReference; fileEncoding = 4; lastKnownFileType = text.json; path = rectangle1.json; sourceTree = "<group>"; };
		26AA53441E8A121D003F8724 /* rectangle2.json */ = {isa = PBXFileReference; fileEncoding = 4; lastKnownFileType = text.json; path = rectangle2.json; sourceTree = "<group>"; };
		26AA535A1E8A1411003F8724 /* ATBrushButton.swift */ = {isa = PBXFileReference; fileEncoding = 4; lastKnownFileType = sourcecode.swift; name = ATBrushButton.swift; path = ../SketchTest/ATBrushButton.swift; sourceTree = "<group>"; };
		26AA535C1E8A1418003F8724 /* ATControlPanelView.swift */ = {isa = PBXFileReference; fileEncoding = 4; lastKnownFileType = sourcecode.swift; name = ATControlPanelView.swift; path = ../SketchTest/ATControlPanelView.swift; sourceTree = "<group>"; };
		26AA535E1E8A172D003F8724 /* SketchPaper.swift */ = {isa = PBXFileReference; fileEncoding = 4; lastKnownFileType = sourcecode.swift; path = SketchPaper.swift; sourceTree = "<group>"; };
/* End PBXFileReference section */

/* Begin PBXFrameworksBuildPhase section */
		26AA52D71E8A0B4A003F8724 /* Frameworks */ = {
			isa = PBXFrameworksBuildPhase;
			buildActionMask = 2147483647;
			files = (
			);
			runOnlyForDeploymentPostprocessing = 0;
		};
		26AA52EB1E8A0B4A003F8724 /* Frameworks */ = {
			isa = PBXFrameworksBuildPhase;
			buildActionMask = 2147483647;
			files = (
			);
			runOnlyForDeploymentPostprocessing = 0;
		};
		26AA52F61E8A0B4A003F8724 /* Frameworks */ = {
			isa = PBXFrameworksBuildPhase;
			buildActionMask = 2147483647;
			files = (
			);
			runOnlyForDeploymentPostprocessing = 0;
		};
/* End PBXFrameworksBuildPhase section */

/* Begin PBXGroup section */
		26AA52D11E8A0B4A003F8724 = {
			isa = PBXGroup;
			children = (
				26AA52DC1E8A0B4A003F8724 /* SketchTest */,
				26AA52F11E8A0B4A003F8724 /* SketchTestTests */,
				26AA52FC1E8A0B4A003F8724 /* SketchTestUITests */,
				26AA52DB1E8A0B4A003F8724 /* Products */,
				26AA530B1E8A0BC0003F8724 /* Frameworks */,
			);
			sourceTree = "<group>";
		};
		26AA52DB1E8A0B4A003F8724 /* Products */ = {
			isa = PBXGroup;
			children = (
				26AA52DA1E8A0B4A003F8724 /* SketchTest.app */,
				26AA52EE1E8A0B4A003F8724 /* SketchTestTests.xctest */,
				26AA52F91E8A0B4A003F8724 /* SketchTestUITests.xctest */,
			);
			name = Products;
			sourceTree = "<group>";
		};
		26AA52DC1E8A0B4A003F8724 /* SketchTest */ = {
			isa = PBXGroup;
			children = (
				26AA52DD1E8A0B4A003F8724 /* AppDelegate.swift */,
				26AA52E11E8A0B4A003F8724 /* Main.storyboard */,
				26AA535E1E8A172D003F8724 /* SketchPaper.swift */,
				26AA52E41E8A0B4A003F8724 /* Assets.xcassets */,
				26AA52E61E8A0B4A003F8724 /* LaunchScreen.storyboard */,
				26AA52E91E8A0B4A003F8724 /* Info.plist */,
			);
			path = SketchTest;
			sourceTree = "<group>";
		};
		26AA52F11E8A0B4A003F8724 /* SketchTestTests */ = {
			isa = PBXGroup;
			children = (
				26AA52F21E8A0B4A003F8724 /* SketchTestTests.swift */,
				26AA52F41E8A0B4A003F8724 /* Info.plist */,
			);
			path = SketchTestTests;
			sourceTree = "<group>";
		};
		26AA52FC1E8A0B4A003F8724 /* SketchTestUITests */ = {
			isa = PBXGroup;
			children = (
				26AA52FD1E8A0B4A003F8724 /* SketchTestUITests.swift */,
				26AA52FF1E8A0B4A003F8724 /* Info.plist */,
			);
			path = SketchTestUITests;
			sourceTree = "<group>";
		};
		26AA530B1E8A0BC0003F8724 /* Frameworks */ = {
			isa = PBXGroup;
			children = (
				26AA532D1E8A121D003F8724 /* ATSketchKit */,
			);
			name = Frameworks;
			sourceTree = "<group>";
		};
		26AA532D1E8A121D003F8724 /* ATSketchKit */ = {
			isa = PBXGroup;
			children = (
				26AA532E1E8A121D003F8724 /* ATColorPicker+Delegate.swift */,
				26AA535C1E8A1418003F8724 /* ATControlPanelView.swift */,
				26AA532F1E8A121D003F8724 /* ATColorPicker.swift */,
				26AA53301E8A121D003F8724 /* ATColorSwatch.swift */,
				26AA53311E8A121D003F8724 /* ATRecognizedPathResult.swift */,
				26AA53321E8A121D003F8724 /* ATShapeLayer.swift */,
				26AA535A1E8A1411003F8724 /* ATBrushButton.swift */,
				26AA53331E8A121D003F8724 /* ATSketchKit.h */,
				26AA53341E8A121D003F8724 /* ATSketchTopLayer.swift */,
				26AA53351E8A121D003F8724 /* ATSketchView+Events.swift */,
				26AA53361E8A121D003F8724 /* ATSketchView+LayerManagement.swift */,
				26AA53371E8A121D003F8724 /* ATSketchView+UndoRedo.swift */,
				26AA53381E8A121D003F8724 /* ATSketchView.swift */,
				26AA53391E8A121D003F8724 /* ATSketchViewDelegate.swift */,
				26AA533A1E8A121D003F8724 /* ATSmartBezierPath+RecognizerTemplates.swift */,
				26AA533B1E8A121D003F8724 /* ATSmartBezierPath+Smoothing.swift */,
				26AA533C1E8A121D003F8724 /* ATSmartBezierPath+UnistrokeRecognizer.swift */,
				26AA533D1E8A121D003F8724 /* ATSmartBezierPath.swift */,
				26AA533E1E8A121D003F8724 /* ATUnistrokeTemplate.swift */,
				26AA533F1E8A121D003F8724 /* Info.plist */,
				26AA53401E8A121D003F8724 /* Templates */,
			);
			path = ATSketchKit;
			sourceTree = "<group>";
		};
		26AA53401E8A121D003F8724 /* Templates */ = {
			isa = PBXGroup;
			children = (
				26AA53411E8A121D003F8724 /* circle.json */,
				26AA53421E8A121D003F8724 /* format.json */,
				26AA53431E8A121D003F8724 /* rectangle1.json */,
				26AA53441E8A121D003F8724 /* rectangle2.json */,
			);
			path = Templates;
			sourceTree = "<group>";
		};
/* End PBXGroup section */

/* Begin PBXNativeTarget section */
		26AA52D91E8A0B4A003F8724 /* SketchTest */ = {
			isa = PBXNativeTarget;
			buildConfigurationList = 26AA53021E8A0B4A003F8724 /* Build configuration list for PBXNativeTarget "SketchTest" */;
			buildPhases = (
				26AA52D61E8A0B4A003F8724 /* Sources */,
				26AA52D71E8A0B4A003F8724 /* Frameworks */,
				26AA52D81E8A0B4A003F8724 /* Resources */,
			);
			buildRules = (
			);
			dependencies = (
			);
			name = SketchTest;
			productName = SketchTest;
			productReference = 26AA52DA1E8A0B4A003F8724 /* SketchTest.app */;
			productType = "com.apple.product-type.application";
		};
		26AA52ED1E8A0B4A003F8724 /* SketchTestTests */ = {
			isa = PBXNativeTarget;
			buildConfigurationList = 26AA53051E8A0B4A003F8724 /* Build configuration list for PBXNativeTarget "SketchTestTests" */;
			buildPhases = (
				26AA52EA1E8A0B4A003F8724 /* Sources */,
				26AA52EB1E8A0B4A003F8724 /* Frameworks */,
				26AA52EC1E8A0B4A003F8724 /* Resources */,
			);
			buildRules = (
			);
			dependencies = (
				26AA52F01E8A0B4A003F8724 /* PBXTargetDependency */,
			);
			name = SketchTestTests;
			productName = SketchTestTests;
			productReference = 26AA52EE1E8A0B4A003F8724 /* SketchTestTests.xctest */;
			productType = "com.apple.product-type.bundle.unit-test";
		};
		26AA52F81E8A0B4A003F8724 /* SketchTestUITests */ = {
			isa = PBXNativeTarget;
			buildConfigurationList = 26AA53081E8A0B4A003F8724 /* Build configuration list for PBXNativeTarget "SketchTestUITests" */;
			buildPhases = (
				26AA52F51E8A0B4A003F8724 /* Sources */,
				26AA52F61E8A0B4A003F8724 /* Frameworks */,
				26AA52F71E8A0B4A003F8724 /* Resources */,
			);
			buildRules = (
			);
			dependencies = (
				26AA52FB1E8A0B4A003F8724 /* PBXTargetDependency */,
			);
			name = SketchTestUITests;
			productName = SketchTestUITests;
			productReference = 26AA52F91E8A0B4A003F8724 /* SketchTestUITests.xctest */;
			productType = "com.apple.product-type.bundle.ui-testing";
		};
/* End PBXNativeTarget section */

/* Begin PBXProject section */
		26AA52D21E8A0B4A003F8724 /* Project object */ = {
			isa = PBXProject;
			attributes = {
				LastSwiftUpdateCheck = 0820;
				LastUpgradeCheck = 0820;
				ORGANIZATIONNAME = "Craig Fan";
				TargetAttributes = {
					26AA52D91E8A0B4A003F8724 = {
						CreatedOnToolsVersion = 8.2.1;
						ProvisioningStyle = Automatic;
					};
					26AA52ED1E8A0B4A003F8724 = {
						CreatedOnToolsVersion = 8.2.1;
						ProvisioningStyle = Automatic;
						TestTargetID = 26AA52D91E8A0B4A003F8724;
					};
					26AA52F81E8A0B4A003F8724 = {
						CreatedOnToolsVersion = 8.2.1;
						ProvisioningStyle = Automatic;
						TestTargetID = 26AA52D91E8A0B4A003F8724;
					};
				};
			};
			buildConfigurationList = 26AA52D51E8A0B4A003F8724 /* Build configuration list for PBXProject "SketchTest" */;
			compatibilityVersion = "Xcode 3.2";
			developmentRegion = English;
			hasScannedForEncodings = 0;
			knownRegions = (
				en,
				Base,
			);
			mainGroup = 26AA52D11E8A0B4A003F8724;
			productRefGroup = 26AA52DB1E8A0B4A003F8724 /* Products */;
			projectDirPath = "";
			projectRoot = "";
			targets = (
				26AA52D91E8A0B4A003F8724 /* SketchTest */,
				26AA52ED1E8A0B4A003F8724 /* SketchTestTests */,
				26AA52F81E8A0B4A003F8724 /* SketchTestUITests */,
			);
		};
/* End PBXProject section */

/* Begin PBXResourcesBuildPhase section */
		26AA52D81E8A0B4A003F8724 /* Resources */ = {
			isa = PBXResourcesBuildPhase;
			buildActionMask = 2147483647;
			files = (
				26AA53551E8A121D003F8724 /* Info.plist in Resources */,
				26AA52E81E8A0B4A003F8724 /* LaunchScreen.storyboard in Resources */,
				26AA53561E8A121D003F8724 /* circle.json in Resources */,
				26AA53581E8A121D003F8724 /* rectangle1.json in Resources */,
				26AA52E51E8A0B4A003F8724 /* Assets.xcassets in Resources */,
				26AA53571E8A121D003F8724 /* format.json in Resources */,
				26AA53591E8A121D003F8724 /* rectangle2.json in Resources */,
				26AA52E31E8A0B4A003F8724 /* Main.storyboard in Resources */,
			);
			runOnlyForDeploymentPostprocessing = 0;
		};
		26AA52EC1E8A0B4A003F8724 /* Resources */ = {
			isa = PBXResourcesBuildPhase;
			buildActionMask = 2147483647;
			files = (
			);
			runOnlyForDeploymentPostprocessing = 0;
		};
		26AA52F71E8A0B4A003F8724 /* Resources */ = {
			isa = PBXResourcesBuildPhase;
			buildActionMask = 2147483647;
			files = (
			);
			runOnlyForDeploymentPostprocessing = 0;
		};
/* End PBXResourcesBuildPhase section */

/* Begin PBXSourcesBuildPhase section */
		26AA52D61E8A0B4A003F8724 /* Sources */ = {
			isa = PBXSourcesBuildPhase;
			buildActionMask = 2147483647;
			files = (
				26AA53501E8A121D003F8724 /* ATSmartBezierPath+RecognizerTemplates.swift in Sources */,
				26AA53511E8A121D003F8724 /* ATSmartBezierPath+Smoothing.swift in Sources */,
				26AA534A1E8A121D003F8724 /* ATSketchTopLayer.swift in Sources */,
				26AA53461E8A121D003F8724 /* ATColorPicker.swift in Sources */,
				26AA53451E8A121D003F8724 /* ATColorPicker+Delegate.swift in Sources */,
				26AA52DE1E8A0B4A003F8724 /* AppDelegate.swift in Sources */,
				26AA53521E8A121D003F8724 /* ATSmartBezierPath+UnistrokeRecognizer.swift in Sources */,
				26AA53491E8A121D003F8724 /* ATShapeLayer.swift in Sources */,
				26AA53481E8A121D003F8724 /* ATRecognizedPathResult.swift in Sources */,
				26AA535B1E8A1411003F8724 /* ATBrushButton.swift in Sources */,
				26AA534D1E8A121D003F8724 /* ATSketchView+UndoRedo.swift in Sources */,
				26AA53541E8A121D003F8724 /* ATUnistrokeTemplate.swift in Sources */,
				26AA534F1E8A121D003F8724 /* ATSketchViewDelegate.swift in Sources */,
				26AA534B1E8A121D003F8724 /* ATSketchView+Events.swift in Sources */,
				26AA535F1E8A172D003F8724 /* SketchPaper.swift in Sources */,
				26AA534C1E8A121D003F8724 /* ATSketchView+LayerManagement.swift in Sources */,
				26AA535D1E8A1418003F8724 /* ATControlPanelView.swift in Sources */,
				26AA53471E8A121D003F8724 /* ATColorSwatch.swift in Sources */,
				26AA534E1E8A121D003F8724 /* ATSketchView.swift in Sources */,
				26AA53531E8A121D003F8724 /* ATSmartBezierPath.swift in Sources */,
			);
			runOnlyForDeploymentPostprocessing = 0;
		};
		26AA52EA1E8A0B4A003F8724 /* Sources */ = {
			isa = PBXSourcesBuildPhase;
			buildActionMask = 2147483647;
			files = (
				26AA52F31E8A0B4A003F8724 /* SketchTestTests.swift in Sources */,
			);
			runOnlyForDeploymentPostprocessing = 0;
		};
		26AA52F51E8A0B4A003F8724 /* Sources */ = {
			isa = PBXSourcesBuildPhase;
			buildActionMask = 2147483647;
			files = (
				26AA52FE1E8A0B4A003F8724 /* SketchTestUITests.swift in Sources */,
			);
			runOnlyForDeploymentPostprocessing = 0;
		};
/* End PBXSourcesBuildPhase section */

/* Begin PBXTargetDependency section */
		26AA52F01E8A0B4A003F8724 /* PBXTargetDependency */ = {
			isa = PBXTargetDependency;
			target = 26AA52D91E8A0B4A003F8724 /* SketchTest */;
			targetProxy = 26AA52EF1E8A0B4A003F8724 /* PBXContainerItemProxy */;
		};
		26AA52FB1E8A0B4A003F8724 /* PBXTargetDependency */ = {
			isa = PBXTargetDependency;
			target = 26AA52D91E8A0B4A003F8724 /* SketchTest */;
			targetProxy = 26AA52FA1E8A0B4A003F8724 /* PBXContainerItemProxy */;
		};
/* End PBXTargetDependency section */

/* Begin PBXVariantGroup section */
		26AA52E11E8A0B4A003F8724 /* Main.storyboard */ = {
			isa = PBXVariantGroup;
			children = (
				26AA52E21E8A0B4A003F8724 /* Base */,
			);
			name = Main.storyboard;
			sourceTree = "<group>";
		};
		26AA52E61E8A0B4A003F8724 /* LaunchScreen.storyboard */ = {
			isa = PBXVariantGroup;
			children = (
				26AA52E71E8A0B4A003F8724 /* Base */,
			);
			name = LaunchScreen.storyboard;
			sourceTree = "<group>";
		};
/* End PBXVariantGroup section */

/* Begin XCBuildConfiguration section */
		26AA53001E8A0B4A003F8724 /* Debug */ = {
			isa = XCBuildConfiguration;
			buildSettings = {
				ALWAYS_SEARCH_USER_PATHS = NO;
				CLANG_ANALYZER_NONNULL = YES;
				CLANG_CXX_LANGUAGE_STANDARD = "gnu++0x";
				CLANG_CXX_LIBRARY = "libc++";
				CLANG_ENABLE_MODULES = YES;
				CLANG_ENABLE_OBJC_ARC = YES;
				CLANG_WARN_BOOL_CONVERSION = YES;
				CLANG_WARN_CONSTANT_CONVERSION = YES;
				CLANG_WARN_DIRECT_OBJC_ISA_USAGE = YES_ERROR;
				CLANG_WARN_DOCUMENTATION_COMMENTS = YES;
				CLANG_WARN_EMPTY_BODY = YES;
				CLANG_WARN_ENUM_CONVERSION = YES;
				CLANG_WARN_INFINITE_RECURSION = YES;
				CLANG_WARN_INT_CONVERSION = YES;
				CLANG_WARN_OBJC_ROOT_CLASS = YES_ERROR;
				CLANG_WARN_SUSPICIOUS_MOVE = YES;
				CLANG_WARN_UNREACHABLE_CODE = YES;
				CLANG_WARN__DUPLICATE_METHOD_MATCH = YES;
				"CODE_SIGN_IDENTITY[sdk=iphoneos*]" = "iPhone Developer";
				COPY_PHASE_STRIP = NO;
				DEBUG_INFORMATION_FORMAT = dwarf;
				ENABLE_STRICT_OBJC_MSGSEND = YES;
				ENABLE_TESTABILITY = YES;
				GCC_C_LANGUAGE_STANDARD = gnu99;
				GCC_DYNAMIC_NO_PIC = NO;
				GCC_NO_COMMON_BLOCKS = YES;
				GCC_OPTIMIZATION_LEVEL = 0;
				GCC_PREPROCESSOR_DEFINITIONS = (
					"DEBUG=1",
					"$(inherited)",
				);
				GCC_WARN_64_TO_32_BIT_CONVERSION = YES;
				GCC_WARN_ABOUT_RETURN_TYPE = YES_ERROR;
				GCC_WARN_UNDECLARED_SELECTOR = YES;
				GCC_WARN_UNINITIALIZED_AUTOS = YES_AGGRESSIVE;
				GCC_WARN_UNUSED_FUNCTION = YES;
				GCC_WARN_UNUSED_VARIABLE = YES;
				IPHONEOS_DEPLOYMENT_TARGET = 10.2;
				MTL_ENABLE_DEBUG_INFO = YES;
				ONLY_ACTIVE_ARCH = YES;
				SDKROOT = iphoneos;
				SWIFT_ACTIVE_COMPILATION_CONDITIONS = DEBUG;
				SWIFT_OPTIMIZATION_LEVEL = "-Onone";
				TARGETED_DEVICE_FAMILY = "1,2";
			};
			name = Debug;
		};
		26AA53011E8A0B4A003F8724 /* Release */ = {
			isa = XCBuildConfiguration;
			buildSettings = {
				ALWAYS_SEARCH_USER_PATHS = NO;
				CLANG_ANALYZER_NONNULL = YES;
				CLANG_CXX_LANGUAGE_STANDARD = "gnu++0x";
				CLANG_CXX_LIBRARY = "libc++";
				CLANG_ENABLE_MODULES = YES;
				CLANG_ENABLE_OBJC_ARC = YES;
				CLANG_WARN_BOOL_CONVERSION = YES;
				CLANG_WARN_CONSTANT_CONVERSION = YES;
				CLANG_WARN_DIRECT_OBJC_ISA_USAGE = YES_ERROR;
				CLANG_WARN_DOCUMENTATION_COMMENTS = YES;
				CLANG_WARN_EMPTY_BODY = YES;
				CLANG_WARN_ENUM_CONVERSION = YES;
				CLANG_WARN_INFINITE_RECURSION = YES;
				CLANG_WARN_INT_CONVERSION = YES;
				CLANG_WARN_OBJC_ROOT_CLASS = YES_ERROR;
				CLANG_WARN_SUSPICIOUS_MOVE = YES;
				CLANG_WARN_UNREACHABLE_CODE = YES;
				CLANG_WARN__DUPLICATE_METHOD_MATCH = YES;
				"CODE_SIGN_IDENTITY[sdk=iphoneos*]" = "iPhone Developer";
				COPY_PHASE_STRIP = NO;
				DEBUG_INFORMATION_FORMAT = "dwarf-with-dsym";
				ENABLE_NS_ASSERTIONS = NO;
				ENABLE_STRICT_OBJC_MSGSEND = YES;
				GCC_C_LANGUAGE_STANDARD = gnu99;
				GCC_NO_COMMON_BLOCKS = YES;
				GCC_WARN_64_TO_32_BIT_CONVERSION = YES;
				GCC_WARN_ABOUT_RETURN_TYPE = YES_ERROR;
				GCC_WARN_UNDECLARED_SELECTOR = YES;
				GCC_WARN_UNINITIALIZED_AUTOS = YES_AGGRESSIVE;
				GCC_WARN_UNUSED_FUNCTION = YES;
				GCC_WARN_UNUSED_VARIABLE = YES;
				IPHONEOS_DEPLOYMENT_TARGET = 10.2;
				MTL_ENABLE_DEBUG_INFO = NO;
				SDKROOT = iphoneos;
				SWIFT_OPTIMIZATION_LEVEL = "-Owholemodule";
				TARGETED_DEVICE_FAMILY = "1,2";
				VALIDATE_PRODUCT = YES;
			};
			name = Release;
		};
		26AA53031E8A0B4A003F8724 /* Debug */ = {
			isa = XCBuildConfiguration;
			buildSettings = {
				ASSETCATALOG_COMPILER_APPICON_NAME = AppIcon;
				DEVELOPMENT_TEAM = "";
				FRAMEWORK_SEARCH_PATHS = (
					"$(inherited)",
					"$(PROJECT_DIR)",
				);
				INFOPLIST_FILE = SketchTest/Info.plist;
				LD_RUNPATH_SEARCH_PATHS = "$(inherited) @executable_path/Frameworks";
				PRODUCT_BUNDLE_IDENTIFIER = Craig.SketchTest;
				PRODUCT_NAME = "$(TARGET_NAME)";
				SWIFT_VERSION = 3.0;
			};
			name = Debug;
		};
		26AA53041E8A0B4A003F8724 /* Release */ = {
			isa = XCBuildConfiguration;
			buildSettings = {
				ASSETCATALOG_COMPILER_APPICON_NAME = AppIcon;
				DEVELOPMENT_TEAM = "";
				FRAMEWORK_SEARCH_PATHS = (
					"$(inherited)",
					"$(PROJECT_DIR)",
				);
				INFOPLIST_FILE = SketchTest/Info.plist;
				LD_RUNPATH_SEARCH_PATHS = "$(inherited) @executable_path/Frameworks";
				PRODUCT_BUNDLE_IDENTIFIER = Craig.SketchTest;
				PRODUCT_NAME = "$(TARGET_NAME)";
				SWIFT_VERSION = 3.0;
			};
			name = Release;
		};
		26AA53061E8A0B4A003F8724 /* Debug */ = {
			isa = XCBuildConfiguration;
			buildSettings = {
				ALWAYS_EMBED_SWIFT_STANDARD_LIBRARIES = YES;
				BUNDLE_LOADER = "$(TEST_HOST)";
				INFOPLIST_FILE = SketchTestTests/Info.plist;
				LD_RUNPATH_SEARCH_PATHS = "$(inherited) @executable_path/Frameworks @loader_path/Frameworks";
				PRODUCT_BUNDLE_IDENTIFIER = Craig.SketchTestTests;
				PRODUCT_NAME = "$(TARGET_NAME)";
				SWIFT_VERSION = 3.0;
				TEST_HOST = "$(BUILT_PRODUCTS_DIR)/SketchTest.app/SketchTest";
			};
			name = Debug;
		};
		26AA53071E8A0B4A003F8724 /* Release */ = {
			isa = XCBuildConfiguration;
			buildSettings = {
				ALWAYS_EMBED_SWIFT_STANDARD_LIBRARIES = YES;
				BUNDLE_LOADER = "$(TEST_HOST)";
				INFOPLIST_FILE = SketchTestTests/Info.plist;
				LD_RUNPATH_SEARCH_PATHS = "$(inherited) @executable_path/Frameworks @loader_path/Frameworks";
				PRODUCT_BUNDLE_IDENTIFIER = Craig.SketchTestTests;
				PRODUCT_NAME = "$(TARGET_NAME)";
				SWIFT_VERSION = 3.0;
				TEST_HOST = "$(BUILT_PRODUCTS_DIR)/SketchTest.app/SketchTest";
			};
			name = Release;
		};
		26AA53091E8A0B4A003F8724 /* Debug */ = {
			isa = XCBuildConfiguration;
			buildSettings = {
				ALWAYS_EMBED_SWIFT_STANDARD_LIBRARIES = YES;
				INFOPLIST_FILE = SketchTestUITests/Info.plist;
				LD_RUNPATH_SEARCH_PATHS = "$(inherited) @executable_path/Frameworks @loader_path/Frameworks";
				PRODUCT_BUNDLE_IDENTIFIER = Craig.SketchTestUITests;
				PRODUCT_NAME = "$(TARGET_NAME)";
				SWIFT_VERSION = 3.0;
				TEST_TARGET_NAME = SketchTest;
			};
			name = Debug;
		};
		26AA530A1E8A0B4A003F8724 /* Release */ = {
			isa = XCBuildConfiguration;
			buildSettings = {
				ALWAYS_EMBED_SWIFT_STANDARD_LIBRARIES = YES;
				INFOPLIST_FILE = SketchTestUITests/Info.plist;
				LD_RUNPATH_SEARCH_PATHS = "$(inherited) @executable_path/Frameworks @loader_path/Frameworks";
				PRODUCT_BUNDLE_IDENTIFIER = Craig.SketchTestUITests;
				PRODUCT_NAME = "$(TARGET_NAME)";
				SWIFT_VERSION = 3.0;
				TEST_TARGET_NAME = SketchTest;
			};
			name = Release;
		};
/* End XCBuildConfiguration section */

/* Begin XCConfigurationList section */
		26AA52D51E8A0B4A003F8724 /* Build configuration list for PBXProject "SketchTest" */ = {
			isa = XCConfigurationList;
			buildConfigurations = (
				26AA53001E8A0B4A003F8724 /* Debug */,
				26AA53011E8A0B4A003F8724 /* Release */,
			);
			defaultConfigurationIsVisible = 0;
			defaultConfigurationName = Release;
		};
		26AA53021E8A0B4A003F8724 /* Build configuration list for PBXNativeTarget "SketchTest" */ = {
			isa = XCConfigurationList;
			buildConfigurations = (
				26AA53031E8A0B4A003F8724 /* Debug */,
				26AA53041E8A0B4A003F8724 /* Release */,
			);
			defaultConfigurationIsVisible = 0;
			defaultConfigurationName = Release;
		};
		26AA53051E8A0B4A003F8724 /* Build configuration list for PBXNativeTarget "SketchTestTests" */ = {
			isa = XCConfigurationList;
			buildConfigurations = (
				26AA53061E8A0B4A003F8724 /* Debug */,
				26AA53071E8A0B4A003F8724 /* Release */,
			);
			defaultConfigurationIsVisible = 0;
			defaultConfigurationName = Release;
		};
		26AA53081E8A0B4A003F8724 /* Build configuration list for PBXNativeTarget "SketchTestUITests" */ = {
			isa = XCConfigurationList;
			buildConfigurations = (
				26AA53091E8A0B4A003F8724 /* Debug */,
				26AA530A1E8A0B4A003F8724 /* Release */,
			);
			defaultConfigurationIsVisible = 0;
			defaultConfigurationName = Release;
		};
/* End XCConfigurationList section */
	};
	rootObject = 26AA52D21E8A0B4A003F8724 /* Project object */;
}
